
Microsoft Visual Studio Solution File, Format Version 12.00
# Visual Studio Version 17
VisualStudioVersion = 17.3.32825.248
MinimumVisualStudioVersion = 10.0.40219.1
Project("{FAE04EC0-301F-11D3-BF4B-00C04F79EFBC}") = "00. HellowWorld", "00. HellowWorld.csproj", "{ED5E3BB6-8FC3-4428-BC8A-C0A5E57971A9}"
EndProject
Global
	GlobalSection(SolutionConfigurationPlatforms) = preSolution
		Debug|Any CPU = Debug|Any CPU
		Release|Any CPU = Release|Any CPU
	EndGlobalSection
	GlobalSection(ProjectConfigurationPlatforms) = postSolution
		{ED5E3BB6-8FC3-4428-BC8A-C0A5E57971A9}.Debug|Any CPU.ActiveCfg = Debug|Any CPU
		{ED5E3BB6-8FC3-4428-BC8A-C0A5E57971A9}.Debug|Any CPU.Build.0 = Debug|Any CPU
		{ED5E3BB6-8FC3-4428-BC8A-C0A5E57971A9}.Release|Any CPU.ActiveCfg = Release|Any CPU
		{ED5E3BB6-8FC3-4428-BC8A-C0A5E57971A9}.Release|Any CPU.Build.0 = Release|Any CPU
	EndGlobalSection
	GlobalSection(SolutionProperties) = preSolution
		HideSolutionNode = FALSE
	EndGlobalSection
	GlobalSection(ExtensibilityGlobals) = postSolution
		SolutionGuid = {6F21FADF-E492-4107-B2D3-7BFDDADA3C18}
	EndGlobalSection
EndGlobal
